github.com/Guganeri/Laboratorio v0.0.0-20200720023115-e687c6740a5d h1:5VOvR7prhrjJ3r/uWzURAKMdw+3+xHAy3AwME/RjwQ4=
github.com/Guganeri/Laboratorio v0.0.0-20200720023115-e687c6740a5d/go.mod h1:Wglb2R5li08fwZ8sEz82UGOnY/g1toQqVp1d9iQg5oY=
github.com/Guganeri/Laboratorio v0.0.0-20200722123835-a9ab4f36987d h1:TlGM0nCpCoWA1VJIcb6tiOZ3wofcCcv2lT57xZvhAD8=
